schema: '2.0'
stages:
  data_ingetion:
    cmd: python src/data/data_ingetion.py
    deps:
    - path: data/raw/spam.csv
      hash: md5
      md5: 008dcf9ca6aab621d3b3831db6815867
      size: 503663
    - path: src/data/data_ingetion.py
      hash: md5
      md5: 37facde36fceb9a97e12dd348a55f8da
      size: 2720
    outs:
    - path: data/raw/test_data.csv
      hash: md5
      md5: 382dff7aff16e48e031e525c0ef4dfa7
      size: 147265
    - path: data/raw/train_data.csv
      hash: md5
      md5: a0b4cff8a3a8d5f62e461344c0b62749
      size: 337581
  feature_engineering:
    cmd: python src/features/feature_engineering.py
    deps:
    - path: data/raw/test_data.csv
      hash: md5
      md5: 382dff7aff16e48e031e525c0ef4dfa7
      size: 147265
    - path: data/raw/train_data.csv
      hash: md5
      md5: a0b4cff8a3a8d5f62e461344c0b62749
      size: 337581
    - path: src/features/feature_engineering.py
      hash: md5
      md5: c939f75981214ca66cd07949ddc21b83
      size: 1796
    outs:
    - path: data/processed/test_processed.csv
      hash: md5
      md5: b162e3f0fceb3c1056d40f0a67b845d9
      size: 93414
    - path: data/processed/train_processed.csv
      hash: md5
      md5: d9bd2e2833f0aa71e01a88dcedd9c5d6
      size: 215688
  feature_extraction:
    cmd: python src/features/feature_extraction.py
    deps:
    - path: data/processed/test_processed.csv
      hash: md5
      md5: b162e3f0fceb3c1056d40f0a67b845d9
      size: 93414
    - path: data/processed/train_processed.csv
      hash: md5
      md5: d9bd2e2833f0aa71e01a88dcedd9c5d6
      size: 215688
    - path: src/features/feature_extraction.py
      hash: md5
      md5: e3a0f19c9745b91124ef4e59b878efdc
      size: 1775
    outs:
    - path: data/processed/test_tfidf.csv
      hash: md5
      md5: 73f7ddafd8a4cf54e06ca17fbeb44ad0
      size: 10204071
    - path: data/processed/train_tfidf.csv
      hash: md5
      md5: 3a51ae3e2d16b952a24927f106c4d6a6
      size: 23805245
